
Microsoft Visual Studio Solution File, Format Version 12.00
# Visual Studio Version 17
VisualStudioVersion = 17.12.35527.113
MinimumVisualStudioVersion = 10.0.40219.1
Project("{FAE04EC0-301F-11D3-BF4B-00C04F79EFBC}") = "SajatOldalProba", "SajatOldalProba.csproj", "{85A4A7BB-8C64-4E56-9515-BDD65779C610}"
EndProject
Project("{2150E333-8FDC-42A3-9474-1A3956D46DE8}") = "Porjects", "Porjects", "{479627EF-E7BE-4E34-9867-1F075C5FE900}"
EndProject
Project("{FAE04EC0-301F-11D3-BF4B-00C04F79EFBC}") = "Motorok_Unit_test", "..\OldalUnitTest2\Motorok_Unit_test.csproj", "{85BD222C-7228-4FCB-AE93-1DF6C5A1E768}"
EndProject
Global
	GlobalSection(SolutionConfigurationPlatforms) = preSolution
		Debug|Any CPU = Debug|Any CPU
		Release|Any CPU = Release|Any CPU
	EndGlobalSection
	GlobalSection(ProjectConfigurationPlatforms) = postSolution
		{85A4A7BB-8C64-4E56-9515-BDD65779C610}.Debug|Any CPU.ActiveCfg = Debug|Any CPU
		{85A4A7BB-8C64-4E56-9515-BDD65779C610}.Debug|Any CPU.Build.0 = Debug|Any CPU
		{85A4A7BB-8C64-4E56-9515-BDD65779C610}.Release|Any CPU.ActiveCfg = Release|Any CPU
		{85A4A7BB-8C64-4E56-9515-BDD65779C610}.Release|Any CPU.Build.0 = Release|Any CPU
		{85BD222C-7228-4FCB-AE93-1DF6C5A1E768}.Debug|Any CPU.ActiveCfg = Debug|Any CPU
		{85BD222C-7228-4FCB-AE93-1DF6C5A1E768}.Debug|Any CPU.Build.0 = Debug|Any CPU
		{85BD222C-7228-4FCB-AE93-1DF6C5A1E768}.Release|Any CPU.ActiveCfg = Release|Any CPU
		{85BD222C-7228-4FCB-AE93-1DF6C5A1E768}.Release|Any CPU.Build.0 = Release|Any CPU
	EndGlobalSection
	GlobalSection(SolutionProperties) = preSolution
		HideSolutionNode = FALSE
	EndGlobalSection
	GlobalSection(NestedProjects) = preSolution
		{85A4A7BB-8C64-4E56-9515-BDD65779C610} = {479627EF-E7BE-4E34-9867-1F075C5FE900}
		{85BD222C-7228-4FCB-AE93-1DF6C5A1E768} = {479627EF-E7BE-4E34-9867-1F075C5FE900}
	EndGlobalSection
EndGlobal
